
Microsoft Visual Studio Solution File, Format Version 12.00
# Visual Studio Version 17
VisualStudioVersion = 17.9.34728.123
MinimumVisualStudioVersion = 10.0.40219.1
Project("{FAE04EC0-301F-11D3-BF4B-00C04F79EFBC}") = "BlogApp.API", "BlogApp.API\BlogApp.API.csproj", "{FFEBB8EC-C758-4AD3-80AA-37B5525397AD}"
EndProject
Global
	GlobalSection(SolutionConfigurationPlatforms) = preSolution
		Debug|Any CPU = Debug|Any CPU
		Release|Any CPU = Release|Any CPU
	EndGlobalSection
	GlobalSection(ProjectConfigurationPlatforms) = postSolution
		{FFEBB8EC-C758-4AD3-80AA-37B5525397AD}.Debug|Any CPU.ActiveCfg = Debug|Any CPU
		{FFEBB8EC-C758-4AD3-80AA-37B5525397AD}.Debug|Any CPU.Build.0 = Debug|Any CPU
		{FFEBB8EC-C758-4AD3-80AA-37B5525397AD}.Release|Any CPU.ActiveCfg = Release|Any CPU
		{FFEBB8EC-C758-4AD3-80AA-37B5525397AD}.Release|Any CPU.Build.0 = Release|Any CPU
	EndGlobalSection
	GlobalSection(SolutionProperties) = preSolution
		HideSolutionNode = FALSE
	EndGlobalSection
	GlobalSection(ExtensibilityGlobals) = postSolution
		SolutionGuid = {55750B72-CA45-4A4E-A3F3-025C0B33E9C9}
	EndGlobalSection
EndGlobal
